<?xml version="1.0" encoding="utf-8"?>
<Project ToolsVersion="4.0" xmlns="http://schemas.microsoft.com/developer/msbuild/2003">
  <ItemGroup>
    <Filter Include="Source Files">
      <UniqueIdentifier>{4FC737F1-C7A5-4376-A066-2A32D752A2FF}</UniqueIdentifier>
      <Extensions>cpp;c;cc;cxx;def;odl;idl;hpj;bat;asm;asmx</Extensions>
    </Filter>
    <Filter Include="Source Files\net">
      <UniqueIdentifier>{17be985e-6359-4e2f-817e-7d9743bb7dd4}</UniqueIdentifier>
    </Filter>
    <Filter Include="Source Files\netlib">
      <UniqueIdentifier>{44f0fa6b-c11c-42c0-943a-0e0d21658b22}</UniqueIdentifier>
    </Filter>
  </ItemGroup>
  <ItemGroup>
    <ClCompile Include="..\src\main.cpp">
      <Filter>Source Files</Filter>
    </ClCompile>
    <ClCompile Include="..\src\work.cpp">
      <Filter>Source Files</Filter>
    </ClCompile>
    <ClCompile Include="..\src\log.cpp">
      <Filter>Source Files</Filter>
    </ClCompile>
    <ClCompile Include="..\src\scheduler.cpp">
      <Filter>Source Files</Filter>
    </ClCompile>
    <ClCompile Include="..\src\system.cpp">
      <Filter>Source Files</Filter>
    </ClCompile>
    <ClCompile Include="..\src\net\protocol_test.cpp">
      <Filter>Source Files\net</Filter>
    </ClCompile>
    <ClCompile Include="..\src\net\message.cpp">
      <Filter>Source Files\net</Filter>
    </ClCompile>
    <ClCompile Include="..\src\adler32.cpp">
      <Filter>Source Files</Filter>
    </ClCompile>
    <ClCompile Include="..\src\env.cpp">
      <Filter>Source Files</Filter>
    </ClCompile>
    <ClCompile Include="..\src\netlib\iocp_net.cpp">
      <Filter>Source Files\netlib</Filter>
    </ClCompile>
    <ClCompile Include="..\src\netlib\iocp_socket.cpp">
      <Filter>Source Files\netlib</Filter>
    </ClCompile>
    <ClCompile Include="..\src\netlib\epoll_net.cpp">
      <Filter>Source Files\netlib</Filter>
    </ClCompile>
    <ClCompile Include="..\src\netlib\epoll_socket.cpp">
      <Filter>Source Files\netlib</Filter>
    </ClCompile>
    <ClCompile Include="..\src\netlib\kqueue_net.cpp">
      <Filter>Source Files\netlib</Filter>
    </ClCompile>
    <ClCompile Include="..\src\netlib\kqueue_socket.cpp">
      <Filter>Source Files\netlib</Filter>
    </ClCompile>
    <ClCompile Include="..\src\net\connection.cpp">
      <Filter>Source Files\net</Filter>
    </ClCompile>
    <ClCompile Include="..\src\net\server.cpp">
      <Filter>Source Files\net</Filter>
    </ClCompile>
  </ItemGroup>
  <ItemGroup>
    <ClInclude Include="..\src\work.h">
      <Filter>Source Files</Filter>
    </ClInclude>
    <ClInclude Include="..\src\ringbuffer.h">
      <Filter>Source Files</Filter>
    </ClInclude>
    <ClInclude Include="..\src\log.h">
      <Filter>Source Files</Filter>
    </ClInclude>
    <ClInclude Include="..\src\cstring.h">
      <Filter>Source Files</Filter>
    </ClInclude>
    <ClInclude Include="..\src\workgroup.h">
      <Filter>Source Files</Filter>
    </ClInclude>
    <ClInclude Include="..\src\scheduler.h">
      <Filter>Source Files</Filter>
    </ClInclude>
    <ClInclude Include="..\src\def.h">
      <Filter>Source Files</Filter>
    </ClInclude>
    <ClInclude Include="..\src\system.h">
      <Filter>Source Files</Filter>
    </ClInclude>
    <ClInclude Include="..\src\common.h">
      <Filter>Source Files</Filter>
    </ClInclude>
    <ClInclude Include="..\src\memblock.h">
      <Filter>Source Files</Filter>
    </ClInclude>
    <ClInclude Include="..\src\avltree.h">
      <Filter>Source Files</Filter>
    </ClInclude>
    <ClInclude Include="..\src\net\message.h">
      <Filter>Source Files\net</Filter>
    </ClInclude>
    <ClInclude Include="..\src\net\protocol_test.h">
      <Filter>Source Files\net</Filter>
    </ClInclude>
    <ClInclude Include="..\src\shared.h">
      <Filter>Source Files</Filter>
    </ClInclude>
    <ClInclude Include="..\src\netlib\network.h">
      <Filter>Source Files\netlib</Filter>
    </ClInclude>
    <ClInclude Include="..\src\net\protocol.h">
      <Filter>Source Files\net</Filter>
    </ClInclude>
    <ClInclude Include="..\src\env.h">
      <Filter>Source Files</Filter>
    </ClInclude>
    <ClInclude Include="..\src\netlib\iocp_private.h">
      <Filter>Source Files\netlib</Filter>
    </ClInclude>
    <ClInclude Include="..\src\netlib\epoll_private.h">
      <Filter>Source Files\netlib</Filter>
    </ClInclude>
    <ClInclude Include="..\src\netlib\kqueue_private.h">
      <Filter>Source Files\netlib</Filter>
    </ClInclude>
    <ClInclude Include="..\src\net\connection.h">
      <Filter>Source Files\net</Filter>
    </ClInclude>
    <ClInclude Include="..\src\net\server.h">
      <Filter>Source Files\net</Filter>
    </ClInclude>
  </ItemGroup>
</Project>