<?xml version="1.0" encoding="utf-8"?>
<Project ToolsVersion="4.0" xmlns="http://schemas.microsoft.com/developer/msbuild/2003">
  <ItemGroup>
    <Filter Include="Source Files">
      <UniqueIdentifier>{4FC737F1-C7A5-4376-A066-2A32D752A2FF}</UniqueIdentifier>
      <Extensions>cpp;c;cc;cxx;def;odl;idl;hpj;bat;asm;asmx</Extensions>
    </Filter>
    <Filter Include="Source Files\server">
      <UniqueIdentifier>{44f0fa6b-c11c-42c0-943a-0e0d21658b22}</UniqueIdentifier>
    </Filter>
    <Filter Include="Source Files\game">
      <UniqueIdentifier>{ea951307-f243-42ef-9353-06640c559455}</UniqueIdentifier>
    </Filter>
    <Filter Include="Source Files\crypto">
      <UniqueIdentifier>{b87c92df-e49e-4b64-87cb-092b57db411b}</UniqueIdentifier>
    </Filter>
    <Filter Include="Source Files\db">
      <UniqueIdentifier>{2561bc72-d272-4110-8a79-61c43c558339}</UniqueIdentifier>
    </Filter>
  </ItemGroup>
  <ItemGroup>
    <ClCompile Include="..\src\log.cpp">
      <Filter>Source Files</Filter>
    </ClCompile>
    <ClCompile Include="..\src\main.cpp">
      <Filter>Source Files</Filter>
    </ClCompile>
    <ClCompile Include="..\src\system.cpp">
      <Filter>Source Files</Filter>
    </ClCompile>
    <ClCompile Include="..\src\server\connection.cpp">
      <Filter>Source Files\server</Filter>
    </ClCompile>
    <ClCompile Include="..\src\server\protocol_test.cpp">
      <Filter>Source Files\server</Filter>
    </ClCompile>
    <ClCompile Include="..\src\server\server.cpp">
      <Filter>Source Files\server</Filter>
    </ClCompile>
    <ClCompile Include="..\src\stringbase.cpp">
      <Filter>Source Files</Filter>
    </ClCompile>
    <ClCompile Include="..\src\crypto\xtea.cpp">
      <Filter>Source Files\crypto</Filter>
    </ClCompile>
    <ClCompile Include="..\src\crypto\rsa.cpp">
      <Filter>Source Files\crypto</Filter>
    </ClCompile>
    <ClCompile Include="..\src\crypto\bcrypt.cpp">
      <Filter>Source Files\crypto</Filter>
    </ClCompile>
    <ClCompile Include="..\src\crypto\blowfish.cpp">
      <Filter>Source Files\crypto</Filter>
    </ClCompile>
    <ClCompile Include="..\src\crypto\base64.cpp">
      <Filter>Source Files\crypto</Filter>
    </ClCompile>
    <ClCompile Include="..\src\crypto\arc4random.cpp">
      <Filter>Source Files\crypto</Filter>
    </ClCompile>
    <ClCompile Include="..\src\crypto\adler32.cpp">
      <Filter>Source Files\crypto</Filter>
    </ClCompile>
    <ClCompile Include="..\src\stringutil.cpp">
      <Filter>Source Files</Filter>
    </ClCompile>
    <ClCompile Include="..\src\scheduler.cpp">
      <Filter>Source Files</Filter>
    </ClCompile>
    <ClCompile Include="..\src\dispatcher.cpp">
      <Filter>Source Files</Filter>
    </ClCompile>
    <ClCompile Include="..\src\config.cpp">
      <Filter>Source Files</Filter>
    </ClCompile>
    <ClCompile Include="..\src\game\protocol_login.cpp">
      <Filter>Source Files\game</Filter>
    </ClCompile>
    <ClCompile Include="..\src\game\srsa.cpp">
      <Filter>Source Files\game</Filter>
    </ClCompile>
    <ClCompile Include="..\src\db\cassandra.cpp">
      <Filter>Source Files\db</Filter>
    </ClCompile>
    <ClCompile Include="..\src\db\local.cpp">
      <Filter>Source Files\db</Filter>
    </ClCompile>
    <ClCompile Include="..\src\db\mongo.cpp">
      <Filter>Source Files\db</Filter>
    </ClCompile>
    <ClCompile Include="..\src\db\mysql.cpp">
      <Filter>Source Files\db</Filter>
    </ClCompile>
    <ClCompile Include="..\src\db\remote.cpp">
      <Filter>Source Files\db</Filter>
    </ClCompile>
    <ClCompile Include="..\src\message.cpp">
      <Filter>Source Files</Filter>
    </ClCompile>
    <ClCompile Include="..\src\server\outputmessage.cpp">
      <Filter>Source Files\server</Filter>
    </ClCompile>
  </ItemGroup>
  <ItemGroup>
    <ClInclude Include="..\src\def.h">
      <Filter>Source Files</Filter>
    </ClInclude>
    <ClInclude Include="..\src\log.h">
      <Filter>Source Files</Filter>
    </ClInclude>
    <ClInclude Include="..\src\ringbuffer.h">
      <Filter>Source Files</Filter>
    </ClInclude>
    <ClInclude Include="..\src\system.h">
      <Filter>Source Files</Filter>
    </ClInclude>
    <ClInclude Include="..\src\server\connection.h">
      <Filter>Source Files\server</Filter>
    </ClInclude>
    <ClInclude Include="..\src\server\protocol.h">
      <Filter>Source Files\server</Filter>
    </ClInclude>
    <ClInclude Include="..\src\server\protocol_test.h">
      <Filter>Source Files\server</Filter>
    </ClInclude>
    <ClInclude Include="..\src\server\server.h">
      <Filter>Source Files\server</Filter>
    </ClInclude>
    <ClInclude Include="..\src\server\asio.h">
      <Filter>Source Files\server</Filter>
    </ClInclude>
    <ClInclude Include="..\src\throw.h">
      <Filter>Source Files</Filter>
    </ClInclude>
    <ClInclude Include="..\src\stringbase.h">
      <Filter>Source Files</Filter>
    </ClInclude>
    <ClInclude Include="..\src\sstring.h">
      <Filter>Source Files</Filter>
    </ClInclude>
    <ClInclude Include="..\src\game\protocol_game.h">
      <Filter>Source Files\game</Filter>
    </ClInclude>
    <ClInclude Include="..\src\game\protocol_info.h">
      <Filter>Source Files\game</Filter>
    </ClInclude>
    <ClInclude Include="..\src\game\protocol_legacy.h">
      <Filter>Source Files\game</Filter>
    </ClInclude>
    <ClInclude Include="..\src\game\protocol_login.h">
      <Filter>Source Files\game</Filter>
    </ClInclude>
    <ClInclude Include="..\src\crypto\rsa.h">
      <Filter>Source Files\crypto</Filter>
    </ClInclude>
    <ClInclude Include="..\src\scope_guard.h">
      <Filter>Source Files</Filter>
    </ClInclude>
    <ClInclude Include="..\src\crypto\xtea.h">
      <Filter>Source Files\crypto</Filter>
    </ClInclude>
    <ClInclude Include="..\src\endian.h">
      <Filter>Source Files</Filter>
    </ClInclude>
    <ClInclude Include="..\src\crypto\bcrypt.h">
      <Filter>Source Files\crypto</Filter>
    </ClInclude>
    <ClInclude Include="..\src\crypto\blowfish.h">
      <Filter>Source Files\crypto</Filter>
    </ClInclude>
    <ClInclude Include="..\src\crypto\base64.h">
      <Filter>Source Files\crypto</Filter>
    </ClInclude>
    <ClInclude Include="..\src\crypto\arc4random.h">
      <Filter>Source Files\crypto</Filter>
    </ClInclude>
    <ClInclude Include="..\src\crypto\adler32.h">
      <Filter>Source Files\crypto</Filter>
    </ClInclude>
    <ClInclude Include="..\src\stringutil.h">
      <Filter>Source Files</Filter>
    </ClInclude>
    <ClInclude Include="..\src\scheduler.h">
      <Filter>Source Files</Filter>
    </ClInclude>
    <ClInclude Include="..\src\dispatcher.h">
      <Filter>Source Files</Filter>
    </ClInclude>
    <ClInclude Include="..\src\config.h">
      <Filter>Source Files</Filter>
    </ClInclude>
    <ClInclude Include="..\src\game\srsa.h">
      <Filter>Source Files\game</Filter>
    </ClInclude>
    <ClInclude Include="..\src\game\account.h">
      <Filter>Source Files\game</Filter>
    </ClInclude>
    <ClInclude Include="..\src\db\database.h">
      <Filter>Source Files\db</Filter>
    </ClInclude>
    <ClInclude Include="..\src\db\local.h">
      <Filter>Source Files\db</Filter>
    </ClInclude>
    <ClInclude Include="..\src\message.h">
      <Filter>Source Files</Filter>
    </ClInclude>
    <ClInclude Include="..\src\server\outputmessage.h">
      <Filter>Source Files\server</Filter>
    </ClInclude>
  </ItemGroup>
</Project>