<?xml version="1.0" encoding="utf-8"?>
<Project ToolsVersion="4.0" xmlns="http://schemas.microsoft.com/developer/msbuild/2003">
  <ItemGroup>
    <Filter Include="Source Files">
      <UniqueIdentifier>{4FC737F1-C7A5-4376-A066-2A32D752A2FF}</UniqueIdentifier>
      <Extensions>cpp;c;cc;cxx;def;odl;idl;hpj;bat;asm;asmx</Extensions>
    </Filter>
    <Filter Include="Source Files\crypto">
      <UniqueIdentifier>{b87c92df-e49e-4b64-87cb-092b57db411b}</UniqueIdentifier>
    </Filter>
    <Filter Include="Source Files\test">
      <UniqueIdentifier>{066b9e28-a364-4181-b039-d38afc89633b}</UniqueIdentifier>
    </Filter>
    <Filter Include="Source Files\server">
      <UniqueIdentifier>{44f0fa6b-c11c-42c0-943a-0e0d21658b22}</UniqueIdentifier>
    </Filter>
    <Filter Include="Source Files\mem">
      <UniqueIdentifier>{842b1cef-0d51-4297-aeff-bdeb4232822c}</UniqueIdentifier>
    </Filter>
    <Filter Include="Source Files\db">
      <UniqueIdentifier>{d46a0817-da52-4ca7-9b12-d50631510422}</UniqueIdentifier>
    </Filter>
  </ItemGroup>
  <ItemGroup>
    <ClCompile Include="..\src\system.c">
      <Filter>Source Files</Filter>
    </ClCompile>
    <ClCompile Include="..\src\config.c">
      <Filter>Source Files</Filter>
    </ClCompile>
    <ClCompile Include="..\src\log.c">
      <Filter>Source Files</Filter>
    </ClCompile>
    <ClCompile Include="..\src\main.c">
      <Filter>Source Files</Filter>
    </ClCompile>
    <ClCompile Include="..\src\crypto\base64.c">
      <Filter>Source Files\crypto</Filter>
    </ClCompile>
    <ClCompile Include="..\src\crypto\bcrypt.c">
      <Filter>Source Files\crypto</Filter>
    </ClCompile>
    <ClCompile Include="..\src\crypto\blowfish.c">
      <Filter>Source Files\crypto</Filter>
    </ClCompile>
    <ClCompile Include="..\src\crypto\random.c">
      <Filter>Source Files\crypto</Filter>
    </ClCompile>
    <ClCompile Include="..\src\crypto\rsa.c">
      <Filter>Source Files\crypto</Filter>
    </ClCompile>
    <ClCompile Include="..\src\crypto\xtea.c">
      <Filter>Source Files\crypto</Filter>
    </ClCompile>
    <ClCompile Include="..\src\thread.c">
      <Filter>Source Files</Filter>
    </ClCompile>
    <ClCompile Include="..\src\rbtree.c">
      <Filter>Source Files</Filter>
    </ClCompile>
    <ClCompile Include="..\src\test\rbtree_test.c">
      <Filter>Source Files\test</Filter>
    </ClCompile>
    <ClCompile Include="..\src\test\bcrypt_test.c">
      <Filter>Source Files\test</Filter>
    </ClCompile>
    <ClCompile Include="..\src\test\blowfish_test.c">
      <Filter>Source Files\test</Filter>
    </ClCompile>
    <ClCompile Include="..\src\test\rsa_test.c">
      <Filter>Source Files\test</Filter>
    </ClCompile>
    <ClCompile Include="..\src\test\xtea_test.c">
      <Filter>Source Files\test</Filter>
    </ClCompile>
    <ClCompile Include="..\src\test\base64_test.c">
      <Filter>Source Files\test</Filter>
    </ClCompile>
    <ClCompile Include="..\src\test\main_test.c">
      <Filter>Source Files\test</Filter>
    </ClCompile>
    <ClCompile Include="..\src\test\slab_test.c">
      <Filter>Source Files\test</Filter>
    </ClCompile>
    <ClCompile Include="..\src\adler32.c">
      <Filter>Source Files</Filter>
    </ClCompile>
    <ClCompile Include="..\src\murmur2.c">
      <Filter>Source Files</Filter>
    </ClCompile>
    <ClCompile Include="..\src\protocol_echo.c">
      <Filter>Source Files</Filter>
    </ClCompile>
    <ClCompile Include="..\src\tibia_rsa.c">
      <Filter>Source Files</Filter>
    </ClCompile>
    <ClCompile Include="..\src\game.c">
      <Filter>Source Files</Filter>
    </ClCompile>
    <ClCompile Include="..\src\otdata.c">
      <Filter>Source Files</Filter>
    </ClCompile>
    <ClCompile Include="..\src\packed_data.c">
      <Filter>Source Files</Filter>
    </ClCompile>
    <ClCompile Include="..\src\protocol_game.c">
      <Filter>Source Files</Filter>
    </ClCompile>
    <ClCompile Include="..\src\protocol_login.c">
      <Filter>Source Files</Filter>
    </ClCompile>
    <ClCompile Include="..\src\server\iocp_connmgr.c">
      <Filter>Source Files\server</Filter>
    </ClCompile>
    <ClCompile Include="..\src\server\iocp_server.c">
      <Filter>Source Files\server</Filter>
    </ClCompile>
    <ClCompile Include="..\src\server\iocp_svcmgr.c">
      <Filter>Source Files\server</Filter>
    </ClCompile>
    <ClCompile Include="..\src\server\epoll_server.c">
      <Filter>Source Files\server</Filter>
    </ClCompile>
    <ClCompile Include="..\src\mem\slab_cache.c">
      <Filter>Source Files\mem</Filter>
    </ClCompile>
    <ClCompile Include="..\src\mem\slab.c">
      <Filter>Source Files\mem</Filter>
    </ClCompile>
    <ClCompile Include="..\src\mem\arena.c">
      <Filter>Source Files\mem</Filter>
    </ClCompile>
    <ClCompile Include="..\src\mem\mem.c">
      <Filter>Source Files\mem</Filter>
    </ClCompile>
    <ClCompile Include="..\src\test\slab_cache_test.c">
      <Filter>Source Files\test</Filter>
    </ClCompile>
    <ClCompile Include="..\src\db\pgsql.c">
      <Filter>Source Files\db</Filter>
    </ClCompile>
    <ClCompile Include="..\src\server\server.c">
      <Filter>Source Files\server</Filter>
    </ClCompile>
    <ClCompile Include="..\src\outbuf.c">
      <Filter>Source Files</Filter>
    </ClCompile>
  </ItemGroup>
  <ItemGroup>
    <ClInclude Include="..\src\def.h">
      <Filter>Source Files</Filter>
    </ClInclude>
    <ClInclude Include="..\src\log.h">
      <Filter>Source Files</Filter>
    </ClInclude>
    <ClInclude Include="..\src\system.h">
      <Filter>Source Files</Filter>
    </ClInclude>
    <ClInclude Include="..\src\crypto\rsa.h">
      <Filter>Source Files\crypto</Filter>
    </ClInclude>
    <ClInclude Include="..\src\crypto\xtea.h">
      <Filter>Source Files\crypto</Filter>
    </ClInclude>
    <ClInclude Include="..\src\endian.h">
      <Filter>Source Files</Filter>
    </ClInclude>
    <ClInclude Include="..\src\crypto\bcrypt.h">
      <Filter>Source Files\crypto</Filter>
    </ClInclude>
    <ClInclude Include="..\src\crypto\blowfish.h">
      <Filter>Source Files\crypto</Filter>
    </ClInclude>
    <ClInclude Include="..\src\crypto\base64.h">
      <Filter>Source Files\crypto</Filter>
    </ClInclude>
    <ClInclude Include="..\src\config.h">
      <Filter>Source Files</Filter>
    </ClInclude>
    <ClInclude Include="..\src\buffer_util.h">
      <Filter>Source Files</Filter>
    </ClInclude>
    <ClInclude Include="..\src\crypto\random.h">
      <Filter>Source Files\crypto</Filter>
    </ClInclude>
    <ClInclude Include="..\src\thread.h">
      <Filter>Source Files</Filter>
    </ClInclude>
    <ClInclude Include="..\src\rbtree.h">
      <Filter>Source Files</Filter>
    </ClInclude>
    <ClInclude Include="..\src\hash.h">
      <Filter>Source Files</Filter>
    </ClInclude>
    <ClInclude Include="..\src\tibia_rsa.h">
      <Filter>Source Files</Filter>
    </ClInclude>
    <ClInclude Include="..\src\game.h">
      <Filter>Source Files</Filter>
    </ClInclude>
    <ClInclude Include="..\src\packed_data.h">
      <Filter>Source Files</Filter>
    </ClInclude>
    <ClInclude Include="..\src\server\iocp.h">
      <Filter>Source Files\server</Filter>
    </ClInclude>
    <ClInclude Include="..\src\server\protocol.h">
      <Filter>Source Files\server</Filter>
    </ClInclude>
    <ClInclude Include="..\src\mem\mem.h">
      <Filter>Source Files\mem</Filter>
    </ClInclude>
    <ClInclude Include="..\src\mem\slab.h">
      <Filter>Source Files\mem</Filter>
    </ClInclude>
    <ClInclude Include="..\src\db\db_types.h">
      <Filter>Source Files\db</Filter>
    </ClInclude>
    <ClInclude Include="..\src\db\pgsql.h">
      <Filter>Source Files\db</Filter>
    </ClInclude>
    <ClInclude Include="..\src\server\server.h">
      <Filter>Source Files\server</Filter>
    </ClInclude>
    <ClInclude Include="..\src\outbuf.h">
      <Filter>Source Files</Filter>
    </ClInclude>
  </ItemGroup>
</Project>